
Microsoft Visual Studio Solution File, Format Version 12.00
# Visual Studio Version 17
VisualStudioVersion = 17.5.33502.453
MinimumVisualStudioVersion = 10.0.40219.1
Project("{9A19103F-16F7-4668-BE54-9A1E7A4F7556}") = "laba5-1", "laba 5\laba5-1.csproj", "{8D1F4912-1298-4AB8-8BDF-67688DD04594}"
EndProject
Project("{FAE04EC0-301F-11D3-BF4B-00C04F79EFBC}") = "laba5-2", "laba5-2\laba5-2.csproj", "{AA9996EB-4CBC-41FE-92F4-9280D1F6CE7F}"
EndProject
Project("{FAE04EC0-301F-11D3-BF4B-00C04F79EFBC}") = "laba5-3", "laba5-3\laba5-3.csproj", "{702D3624-F095-4078-BDEC-CAA16532AE5F}"
EndProject
Project("{FAE04EC0-301F-11D3-BF4B-00C04F79EFBC}") = "laba5-4", "laba5-4\laba5-4.csproj", "{1B8EEB16-9DC5-426D-8272-92DCD0603A50}"
EndProject
Project("{FAE04EC0-301F-11D3-BF4B-00C04F79EFBC}") = "laba5-5", "laba5-5\laba5-5.csproj", "{764151CD-664C-47AE-99C2-7577DE8D639E}"
EndProject
Global
	GlobalSection(SolutionConfigurationPlatforms) = preSolution
		Debug|Any CPU = Debug|Any CPU
		Release|Any CPU = Release|Any CPU
	EndGlobalSection
	GlobalSection(ProjectConfigurationPlatforms) = postSolution
		{8D1F4912-1298-4AB8-8BDF-67688DD04594}.Debug|Any CPU.ActiveCfg = Debug|Any CPU
		{8D1F4912-1298-4AB8-8BDF-67688DD04594}.Debug|Any CPU.Build.0 = Debug|Any CPU
		{8D1F4912-1298-4AB8-8BDF-67688DD04594}.Release|Any CPU.ActiveCfg = Release|Any CPU
		{8D1F4912-1298-4AB8-8BDF-67688DD04594}.Release|Any CPU.Build.0 = Release|Any CPU
		{AA9996EB-4CBC-41FE-92F4-9280D1F6CE7F}.Debug|Any CPU.ActiveCfg = Debug|Any CPU
		{AA9996EB-4CBC-41FE-92F4-9280D1F6CE7F}.Debug|Any CPU.Build.0 = Debug|Any CPU
		{AA9996EB-4CBC-41FE-92F4-9280D1F6CE7F}.Release|Any CPU.ActiveCfg = Release|Any CPU
		{AA9996EB-4CBC-41FE-92F4-9280D1F6CE7F}.Release|Any CPU.Build.0 = Release|Any CPU
		{702D3624-F095-4078-BDEC-CAA16532AE5F}.Debug|Any CPU.ActiveCfg = Debug|Any CPU
		{702D3624-F095-4078-BDEC-CAA16532AE5F}.Debug|Any CPU.Build.0 = Debug|Any CPU
		{702D3624-F095-4078-BDEC-CAA16532AE5F}.Release|Any CPU.ActiveCfg = Release|Any CPU
		{702D3624-F095-4078-BDEC-CAA16532AE5F}.Release|Any CPU.Build.0 = Release|Any CPU
		{1B8EEB16-9DC5-426D-8272-92DCD0603A50}.Debug|Any CPU.ActiveCfg = Debug|Any CPU
		{1B8EEB16-9DC5-426D-8272-92DCD0603A50}.Debug|Any CPU.Build.0 = Debug|Any CPU
		{1B8EEB16-9DC5-426D-8272-92DCD0603A50}.Release|Any CPU.ActiveCfg = Release|Any CPU
		{1B8EEB16-9DC5-426D-8272-92DCD0603A50}.Release|Any CPU.Build.0 = Release|Any CPU
		{764151CD-664C-47AE-99C2-7577DE8D639E}.Debug|Any CPU.ActiveCfg = Debug|Any CPU
		{764151CD-664C-47AE-99C2-7577DE8D639E}.Debug|Any CPU.Build.0 = Debug|Any CPU
		{764151CD-664C-47AE-99C2-7577DE8D639E}.Release|Any CPU.ActiveCfg = Release|Any CPU
		{764151CD-664C-47AE-99C2-7577DE8D639E}.Release|Any CPU.Build.0 = Release|Any CPU
	EndGlobalSection
	GlobalSection(SolutionProperties) = preSolution
		HideSolutionNode = FALSE
	EndGlobalSection
	GlobalSection(ExtensibilityGlobals) = postSolution
		SolutionGuid = {5B045FDF-E337-4A0D-9CBE-0A9836584AD6}
	EndGlobalSection
EndGlobal
